// !$*UTF8*$!
{
	archiveVersion = 1;
	classes = {
	};
	objectVersion = 46;
	objects = {

/* Begin PBXBuildFile section */
		DD24DB2B1F5EDE5500CBDA5C /* AppDelegate.swift in Sources */ = {isa = PBXBuildFile; fileRef = DD24DB2A1F5EDE5500CBDA5C /* AppDelegate.swift */; };
		DD24DB2D1F5EDE5500CBDA5C /* ViewController.swift in Sources */ = {isa = PBXBuildFile; fileRef = DD24DB2C1F5EDE5500CBDA5C /* ViewController.swift */; };
		DD24DB301F5EDE5500CBDA5C /* Main.storyboard in Resources */ = {isa = PBXBuildFile; fileRef = DD24DB2E1F5EDE5500CBDA5C /* Main.storyboard */; };
		DD24DB321F5EDE5500CBDA5C /* Assets.xcassets in Resources */ = {isa = PBXBuildFile; fileRef = DD24DB311F5EDE5500CBDA5C /* Assets.xcassets */; };
		DD24DB351F5EDE5500CBDA5C /* LaunchScreen.storyboard in Resources */ = {isa = PBXBuildFile; fileRef = DD24DB331F5EDE5500CBDA5C /* LaunchScreen.storyboard */; };
		DD24DB3A1F5EDE5500CBDA5C /* EasyTarot WatchKit App.app in Embed Watch Content */ = {isa = PBXBuildFile; fileRef = DD24DB391F5EDE5500CBDA5C /* EasyTarot WatchKit App.app */; };
		DD24DB401F5EDE5500CBDA5C /* Interface.storyboard in Resources */ = {isa = PBXBuildFile; fileRef = DD24DB3E1F5EDE5500CBDA5C /* Interface.storyboard */; };
		DD24DB421F5EDE5500CBDA5C /* Assets.xcassets in Resources */ = {isa = PBXBuildFile; fileRef = DD24DB411F5EDE5500CBDA5C /* Assets.xcassets */; };
		DD24DB491F5EDE5600CBDA5C /* EasyTarot WatchKit Extension.appex in Embed App Extensions */ = {isa = PBXBuildFile; fileRef = DD24DB481F5EDE5600CBDA5C /* EasyTarot WatchKit Extension.appex */; settings = {ATTRIBUTES = (RemoveHeadersOnCopy, ); }; };
		DD24DB501F5EDE5600CBDA5C /* InterfaceController.swift in Sources */ = {isa = PBXBuildFile; fileRef = DD24DB4F1F5EDE5600CBDA5C /* InterfaceController.swift */; };
		DD24DB521F5EDE5600CBDA5C /* ExtensionDelegate.swift in Sources */ = {isa = PBXBuildFile; fileRef = DD24DB511F5EDE5600CBDA5C /* ExtensionDelegate.swift */; };
		DD24DB541F5EDE5600CBDA5C /* NotificationController.swift in Sources */ = {isa = PBXBuildFile; fileRef = DD24DB531F5EDE5600CBDA5C /* NotificationController.swift */; };
		DD24DB561F5EDE5600CBDA5C /* Assets.xcassets in Resources */ = {isa = PBXBuildFile; fileRef = DD24DB551F5EDE5600CBDA5C /* Assets.xcassets */; };
		DD24DBF11F5EE8B500CBDA5C /* TarotInterfaceController.swift in Sources */ = {isa = PBXBuildFile; fileRef = DD24DBF01F5EE8B500CBDA5C /* TarotInterfaceController.swift */; };
		DD24DC081F5EF1FB00CBDA5C /* RWS_Tarot_00_Fool.JPG in Resources */ = {isa = PBXBuildFile; fileRef = DD24DBF21F5EF1FB00CBDA5C /* RWS_Tarot_00_Fool.JPG */; };
		DD24DC091F5EF1FB00CBDA5C /* RWS_Tarot_00_Fool.JPG in Resources */ = {isa = PBXBuildFile; fileRef = DD24DBF21F5EF1FB00CBDA5C /* RWS_Tarot_00_Fool.JPG */; };
		DD24DC0A1F5EF1FB00CBDA5C /* RWS_Tarot_01_Magician.jpg in Resources */ = {isa = PBXBuildFile; fileRef = DD24DBF31F5EF1FB00CBDA5C /* RWS_Tarot_01_Magician.jpg */; };
		DD24DC0B1F5EF1FB00CBDA5C /* RWS_Tarot_01_Magician.jpg in Resources */ = {isa = PBXBuildFile; fileRef = DD24DBF31F5EF1FB00CBDA5C /* RWS_Tarot_01_Magician.jpg */; };
		DD24DC0C1F5EF1FB00CBDA5C /* RWS_Tarot_02_High_Priestess.JPG in Resources */ = {isa = PBXBuildFile; fileRef = DD24DBF41F5EF1FB00CBDA5C /* RWS_Tarot_02_High_Priestess.JPG */; };
		DD24DC0D1F5EF1FB00CBDA5C /* RWS_Tarot_02_High_Priestess.JPG in Resources */ = {isa = PBXBuildFile; fileRef = DD24DBF41F5EF1FB00CBDA5C /* RWS_Tarot_02_High_Priestess.JPG */; };
		DD24DC0E1F5EF1FB00CBDA5C /* RWS_Tarot_03_Empress.jpg in Resources */ = {isa = PBXBuildFile; fileRef = DD24DBF51F5EF1FB00CBDA5C /* RWS_Tarot_03_Empress.jpg */; };
		DD24DC0F1F5EF1FB00CBDA5C /* RWS_Tarot_03_Empress.jpg in Resources */ = {isa = PBXBuildFile; fileRef = DD24DBF51F5EF1FB00CBDA5C /* RWS_Tarot_03_Empress.jpg */; };
		DD24DC101F5EF1FB00CBDA5C /* RWS_Tarot_04_Emperor.jpg in Resources */ = {isa = PBXBuildFile; fileRef = DD24DBF61F5EF1FB00CBDA5C /* RWS_Tarot_04_Emperor.jpg */; };
		DD24DC111F5EF1FB00CBDA5C /* RWS_Tarot_04_Emperor.jpg in Resources */ = {isa = PBXBuildFile; fileRef = DD24DBF61F5EF1FB00CBDA5C /* RWS_Tarot_04_Emperor.jpg */; };
		DD24DC121F5EF1FB00CBDA5C /* RWS_Tarot_05_Hierophant.jpg in Resources */ = {isa = PBXBuildFile; fileRef = DD24DBF71F5EF1FB00CBDA5C /* RWS_Tarot_05_Hierophant.jpg */; };
		DD24DC131F5EF1FB00CBDA5C /* RWS_Tarot_05_Hierophant.jpg in Resources */ = {isa = PBXBuildFile; fileRef = DD24DBF71F5EF1FB00CBDA5C /* RWS_Tarot_05_Hierophant.jpg */; };
		DD24DC141F5EF1FB00CBDA5C /* RWS_Tarot_06_Lovers.jpg in Resources */ = {isa = PBXBuildFile; fileRef = DD24DBF81F5EF1FB00CBDA5C /* RWS_Tarot_06_Lovers.jpg */; };
		DD24DC151F5EF1FB00CBDA5C /* RWS_Tarot_06_Lovers.jpg in Resources */ = {isa = PBXBuildFile; fileRef = DD24DBF81F5EF1FB00CBDA5C /* RWS_Tarot_06_Lovers.jpg */; };
		DD24DC161F5EF1FB00CBDA5C /* RWS_Tarot_07_Chariot.jpg in Resources */ = {isa = PBXBuildFile; fileRef = DD24DBF91F5EF1FB00CBDA5C /* RWS_Tarot_07_Chariot.jpg */; };
		DD24DC171F5EF1FB00CBDA5C /* RWS_Tarot_07_Chariot.jpg in Resources */ = {isa = PBXBuildFile; fileRef = DD24DBF91F5EF1FB00CBDA5C /* RWS_Tarot_07_Chariot.jpg */; };
		DD24DC181F5EF1FB00CBDA5C /* RWS_Tarot_08_Strength.jpg in Resources */ = {isa = PBXBuildFile; fileRef = DD24DBFA1F5EF1FB00CBDA5C /* RWS_Tarot_08_Strength.jpg */; };
		DD24DC191F5EF1FB00CBDA5C /* RWS_Tarot_08_Strength.jpg in Resources */ = {isa = PBXBuildFile; fileRef = DD24DBFA1F5EF1FB00CBDA5C /* RWS_Tarot_08_Strength.jpg */; };
		DD24DC1A1F5EF1FB00CBDA5C /* RWS_Tarot_09_Hermit.jpg in Resources */ = {isa = PBXBuildFile; fileRef = DD24DBFB1F5EF1FB00CBDA5C /* RWS_Tarot_09_Hermit.jpg */; };
		DD24DC1B1F5EF1FB00CBDA5C /* RWS_Tarot_09_Hermit.jpg in Resources */ = {isa = PBXBuildFile; fileRef = DD24DBFB1F5EF1FB00CBDA5C /* RWS_Tarot_09_Hermit.jpg */; };
		DD24DC1C1F5EF1FB00CBDA5C /* RWS_Tarot_10_Wheel_of_Fortune.jpg in Resources */ = {isa = PBXBuildFile; fileRef = DD24DBFC1F5EF1FB00CBDA5C /* RWS_Tarot_10_Wheel_of_Fortune.jpg */; };
		DD24DC1D1F5EF1FB00CBDA5C /* RWS_Tarot_10_Wheel_of_Fortune.jpg in Resources */ = {isa = PBXBuildFile; fileRef = DD24DBFC1F5EF1FB00CBDA5C /* RWS_Tarot_10_Wheel_of_Fortune.jpg */; };
		DD24DC1E1F5EF1FB00CBDA5C /* RWS_Tarot_11_Justice.jpg in Resources */ = {isa = PBXBuildFile; fileRef = DD24DBFD1F5EF1FB00CBDA5C /* RWS_Tarot_11_Justice.jpg */; };
		DD24DC1F1F5EF1FB00CBDA5C /* RWS_Tarot_11_Justice.jpg in Resources */ = {isa = PBXBuildFile; fileRef = DD24DBFD1F5EF1FB00CBDA5C /* RWS_Tarot_11_Justice.jpg */; };
		DD24DC201F5EF1FB00CBDA5C /* RWS_Tarot_12_Hanged_Man.jpg in Resources */ = {isa = PBXBuildFile; fileRef = DD24DBFE1F5EF1FB00CBDA5C /* RWS_Tarot_12_Hanged_Man.jpg */; };
		DD24DC211F5EF1FB00CBDA5C /* RWS_Tarot_12_Hanged_Man.jpg in Resources */ = {isa = PBXBuildFile; fileRef = DD24DBFE1F5EF1FB00CBDA5C /* RWS_Tarot_12_Hanged_Man.jpg */; };
		DD24DC221F5EF1FB00CBDA5C /* RWS_Tarot_13_Death.jpg in Resources */ = {isa = PBXBuildFile; fileRef = DD24DBFF1F5EF1FB00CBDA5C /* RWS_Tarot_13_Death.jpg */; };
		DD24DC231F5EF1FB00CBDA5C /* RWS_Tarot_13_Death.jpg in Resources */ = {isa = PBXBuildFile; fileRef = DD24DBFF1F5EF1FB00CBDA5C /* RWS_Tarot_13_Death.jpg */; };
		DD24DC241F5EF1FB00CBDA5C /* RWS_Tarot_14_Temperance.jpg in Resources */ = {isa = PBXBuildFile; fileRef = DD24DC001F5EF1FB00CBDA5C /* RWS_Tarot_14_Temperance.jpg */; };
		DD24DC251F5EF1FB00CBDA5C /* RWS_Tarot_14_Temperance.jpg in Resources */ = {isa = PBXBuildFile; fileRef = DD24DC001F5EF1FB00CBDA5C /* RWS_Tarot_14_Temperance.jpg */; };
		DD24DC261F5EF1FB00CBDA5C /* RWS_Tarot_15_Devil.jpg in Resources */ = {isa = PBXBuildFile; fileRef = DD24DC011F5EF1FB00CBDA5C /* RWS_Tarot_15_Devil.jpg */; };
		DD24DC271F5EF1FB00CBDA5C /* RWS_Tarot_15_Devil.jpg in Resources */ = {isa = PBXBuildFile; fileRef = DD24DC011F5EF1FB00CBDA5C /* RWS_Tarot_15_Devil.jpg */; };
		DD24DC281F5EF1FB00CBDA5C /* RWS_Tarot_16_Tower.jpg in Resources */ = {isa = PBXBuildFile; fileRef = DD24DC021F5EF1FB00CBDA5C /* RWS_Tarot_16_Tower.jpg */; };
		DD24DC291F5EF1FB00CBDA5C /* RWS_Tarot_16_Tower.jpg in Resources */ = {isa = PBXBuildFile; fileRef = DD24DC021F5EF1FB00CBDA5C /* RWS_Tarot_16_Tower.jpg */; };
		DD24DC2A1F5EF1FB00CBDA5C /* RWS_Tarot_17_Star.jpg in Resources */ = {isa = PBXBuildFile; fileRef = DD24DC031F5EF1FB00CBDA5C /* RWS_Tarot_17_Star.jpg */; };
		DD24DC2B1F5EF1FB00CBDA5C /* RWS_Tarot_17_Star.jpg in Resources */ = {isa = PBXBuildFile; fileRef = DD24DC031F5EF1FB00CBDA5C /* RWS_Tarot_17_Star.jpg */; };
		DD24DC2C1F5EF1FB00CBDA5C /* RWS_Tarot_18_Moon.jpg in Resources */ = {isa = PBXBuildFile; fileRef = DD24DC041F5EF1FB00CBDA5C /* RWS_Tarot_18_Moon.jpg */; };
		DD24DC2D1F5EF1FB00CBDA5C /* RWS_Tarot_18_Moon.jpg in Resources */ = {isa = PBXBuildFile; fileRef = DD24DC041F5EF1FB00CBDA5C /* RWS_Tarot_18_Moon.jpg */; };
		DD24DC2E1F5EF1FB00CBDA5C /* RWS_Tarot_19_Sun.JPG in Resources */ = {isa = PBXBuildFile; fileRef = DD24DC051F5EF1FB00CBDA5C /* RWS_Tarot_19_Sun.JPG */; };
		DD24DC2F1F5EF1FB00CBDA5C /* RWS_Tarot_19_Sun.JPG in Resources */ = {isa = PBXBuildFile; fileRef = DD24DC051F5EF1FB00CBDA5C /* RWS_Tarot_19_Sun.JPG */; };
		DD24DC301F5EF1FB00CBDA5C /* RWS_Tarot_20_Judgement.jpg in Resources */ = {isa = PBXBuildFile; fileRef = DD24DC061F5EF1FB00CBDA5C /* RWS_Tarot_20_Judgement.jpg */; };
		DD24DC311F5EF1FB00CBDA5C /* RWS_Tarot_20_Judgement.jpg in Resources */ = {isa = PBXBuildFile; fileRef = DD24DC061F5EF1FB00CBDA5C /* RWS_Tarot_20_Judgement.jpg */; };
		DD24DC321F5EF1FB00CBDA5C /* RWS_Tarot_21_World.jpg in Resources */ = {isa = PBXBuildFile; fileRef = DD24DC071F5EF1FB00CBDA5C /* RWS_Tarot_21_World.jpg */; };
		DD24DC331F5EF1FB00CBDA5C /* RWS_Tarot_21_World.jpg in Resources */ = {isa = PBXBuildFile; fileRef = DD24DC071F5EF1FB00CBDA5C /* RWS_Tarot_21_World.jpg */; };
		DD74F1AA1F602CE50070E0F1 /* TarotCars.swift in Sources */ = {isa = PBXBuildFile; fileRef = DD74F1A91F602CE50070E0F1 /* TarotCars.swift */; };
		DD74F1AE1F6032240070E0F1 /* TarotRow.swift in Sources */ = {isa = PBXBuildFile; fileRef = DD74F1AD1F6032240070E0F1 /* TarotRow.swift */; };
		DD74F1B21F6033BC0070E0F1 /* TarotListView.swift in Sources */ = {isa = PBXBuildFile; fileRef = DD74F1B11F6033BC0070E0F1 /* TarotListView.swift */; };
		DD74F1B31F6038100070E0F1 /* Interface.storyboard in Resources */ = {isa = PBXBuildFile; fileRef = DD24DB3E1F5EDE5500CBDA5C /* Interface.storyboard */; };
		DD74F1CA1F603DD70070E0F1 /* Tarot_01mini.JPG in Resources */ = {isa = PBXBuildFile; fileRef = DD74F1B41F603DD70070E0F1 /* Tarot_01mini.JPG */; };
		DD74F1CB1F603DD70070E0F1 /* Tarot_01mini.JPG in Resources */ = {isa = PBXBuildFile; fileRef = DD74F1B41F603DD70070E0F1 /* Tarot_01mini.JPG */; };
		DD74F1CC1F603DD70070E0F1 /* Tarot_02mini.JPG in Resources */ = {isa = PBXBuildFile; fileRef = DD74F1B51F603DD70070E0F1 /* Tarot_02mini.JPG */; };
		DD74F1CD1F603DD70070E0F1 /* Tarot_02mini.JPG in Resources */ = {isa = PBXBuildFile; fileRef = DD74F1B51F603DD70070E0F1 /* Tarot_02mini.JPG */; };
		DD74F1CE1F603DD70070E0F1 /* Tarot_03mini.JPG in Resources */ = {isa = PBXBuildFile; fileRef = DD74F1B61F603DD70070E0F1 /* Tarot_03mini.JPG */; };
		DD74F1CF1F603DD70070E0F1 /* Tarot_03mini.JPG in Resources */ = {isa = PBXBuildFile; fileRef = DD74F1B61F603DD70070E0F1 /* Tarot_03mini.JPG */; };
		DD74F1D01F603DD70070E0F1 /* Tarot_04mini.JPG in Resources */ = {isa = PBXBuildFile; fileRef = DD74F1B71F603DD70070E0F1 /* Tarot_04mini.JPG */; };
		DD74F1D11F603DD70070E0F1 /* Tarot_04mini.JPG in Resources */ = {isa = PBXBuildFile; fileRef = DD74F1B71F603DD70070E0F1 /* Tarot_04mini.JPG */; };
		DD74F1D21F603DD70070E0F1 /* Tarot_05mini.JPG in Resources */ = {isa = PBXBuildFile; fileRef = DD74F1B81F603DD70070E0F1 /* Tarot_05mini.JPG */; };
		DD74F1D31F603DD70070E0F1 /* Tarot_05mini.JPG in Resources */ = {isa = PBXBuildFile; fileRef = DD74F1B81F603DD70070E0F1 /* Tarot_05mini.JPG */; };
		DD74F1D41F603DD70070E0F1 /* Tarot_06mini.JPG in Resources */ = {isa = PBXBuildFile; fileRef = DD74F1B91F603DD70070E0F1 /* Tarot_06mini.JPG */; };
		DD74F1D51F603DD70070E0F1 /* Tarot_06mini.JPG in Resources */ = {isa = PBXBuildFile; fileRef = DD74F1B91F603DD70070E0F1 /* Tarot_06mini.JPG */; };
		DD74F1D61F603DD70070E0F1 /* Tarot_07mini.JPG in Resources */ = {isa = PBXBuildFile; fileRef = DD74F1BA1F603DD70070E0F1 /* Tarot_07mini.JPG */; };
		DD74F1D71F603DD70070E0F1 /* Tarot_07mini.JPG in Resources */ = {isa = PBXBuildFile; fileRef = DD74F1BA1F603DD70070E0F1 /* Tarot_07mini.JPG */; };
		DD74F1D81F603DD70070E0F1 /* Tarot_08mini.JPG in Resources */ = {isa = PBXBuildFile; fileRef = DD74F1BB1F603DD70070E0F1 /* Tarot_08mini.JPG */; };
		DD74F1D91F603DD70070E0F1 /* Tarot_08mini.JPG in Resources */ = {isa = PBXBuildFile; fileRef = DD74F1BB1F603DD70070E0F1 /* Tarot_08mini.JPG */; };
		DD74F1DA1F603DD70070E0F1 /* Tarot_09mini.JPG in Resources */ = {isa = PBXBuildFile; fileRef = DD74F1BC1F603DD70070E0F1 /* Tarot_09mini.JPG */; };
		DD74F1DB1F603DD70070E0F1 /* Tarot_09mini.JPG in Resources */ = {isa = PBXBuildFile; fileRef = DD74F1BC1F603DD70070E0F1 /* Tarot_09mini.JPG */; };
		DD74F1DC1F603DD70070E0F1 /* Tarot_10mini.JPG in Resources */ = {isa = PBXBuildFile; fileRef = DD74F1BD1F603DD70070E0F1 /* Tarot_10mini.JPG */; };
		DD74F1DD1F603DD70070E0F1 /* Tarot_10mini.JPG in Resources */ = {isa = PBXBuildFile; fileRef = DD74F1BD1F603DD70070E0F1 /* Tarot_10mini.JPG */; };
		DD74F1DE1F603DD70070E0F1 /* Tarot_11mini.JPG in Resources */ = {isa = PBXBuildFile; fileRef = DD74F1BE1F603DD70070E0F1 /* Tarot_11mini.JPG */; };
		DD74F1DF1F603DD70070E0F1 /* Tarot_11mini.JPG in Resources */ = {isa = PBXBuildFile; fileRef = DD74F1BE1F603DD70070E0F1 /* Tarot_11mini.JPG */; };
		DD74F1E01F603DD70070E0F1 /* Tarot_12mini.JPG in Resources */ = {isa = PBXBuildFile; fileRef = DD74F1BF1F603DD70070E0F1 /* Tarot_12mini.JPG */; };
		DD74F1E11F603DD70070E0F1 /* Tarot_12mini.JPG in Resources */ = {isa = PBXBuildFile; fileRef = DD74F1BF1F603DD70070E0F1 /* Tarot_12mini.JPG */; };
		DD74F1E21F603DD70070E0F1 /* Tarot_13mini.JPG in Resources */ = {isa = PBXBuildFile; fileRef = DD74F1C01F603DD70070E0F1 /* Tarot_13mini.JPG */; };
		DD74F1E31F603DD70070E0F1 /* Tarot_13mini.JPG in Resources */ = {isa = PBXBuildFile; fileRef = DD74F1C01F603DD70070E0F1 /* Tarot_13mini.JPG */; };
		DD74F1E41F603DD70070E0F1 /* Tarot_14mini.JPG in Resources */ = {isa = PBXBuildFile; fileRef = DD74F1C11F603DD70070E0F1 /* Tarot_14mini.JPG */; };
		DD74F1E51F603DD70070E0F1 /* Tarot_14mini.JPG in Resources */ = {isa = PBXBuildFile; fileRef = DD74F1C11F603DD70070E0F1 /* Tarot_14mini.JPG */; };
		DD74F1E61F603DD70070E0F1 /* Tarot_15mini.JPG in Resources */ = {isa = PBXBuildFile; fileRef = DD74F1C21F603DD70070E0F1 /* Tarot_15mini.JPG */; };
		DD74F1E71F603DD70070E0F1 /* Tarot_15mini.JPG in Resources */ = {isa = PBXBuildFile; fileRef = DD74F1C21F603DD70070E0F1 /* Tarot_15mini.JPG */; };
		DD74F1E81F603DD70070E0F1 /* Tarot_16mini.JPG in Resources */ = {isa = PBXBuildFile; fileRef = DD74F1C31F603DD70070E0F1 /* Tarot_16mini.JPG */; };
		DD74F1E91F603DD70070E0F1 /* Tarot_16mini.JPG in Resources */ = {isa = PBXBuildFile; fileRef = DD74F1C31F603DD70070E0F1 /* Tarot_16mini.JPG */; };
		DD74F1EA1F603DD70070E0F1 /* Tarot_17mini.JPG in Resources */ = {isa = PBXBuildFile; fileRef = DD74F1C41F603DD70070E0F1 /* Tarot_17mini.JPG */; };
		DD74F1EB1F603DD70070E0F1 /* Tarot_17mini.JPG in Resources */ = {isa = PBXBuildFile; fileRef = DD74F1C41F603DD70070E0F1 /* Tarot_17mini.JPG */; };
		DD74F1EC1F603DD70070E0F1 /* Tarot_18mini.JPG in Resources */ = {isa = PBXBuildFile; fileRef = DD74F1C51F603DD70070E0F1 /* Tarot_18mini.JPG */; };
		DD74F1ED1F603DD70070E0F1 /* Tarot_18mini.JPG in Resources */ = {isa = PBXBuildFile; fileRef = DD74F1C51F603DD70070E0F1 /* Tarot_18mini.JPG */; };
		DD74F1EE1F603DD70070E0F1 /* Tarot_19mini.JPG in Resources */ = {isa = PBXBuildFile; fileRef = DD74F1C61F603DD70070E0F1 /* Tarot_19mini.JPG */; };
		DD74F1EF1F603DD70070E0F1 /* Tarot_19mini.JPG in Resources */ = {isa = PBXBuildFile; fileRef = DD74F1C61F603DD70070E0F1 /* Tarot_19mini.JPG */; };
		DD74F1F01F603DD70070E0F1 /* Tarot_20mini.JPG in Resources */ = {isa = PBXBuildFile; fileRef = DD74F1C71F603DD70070E0F1 /* Tarot_20mini.JPG */; };
		DD74F1F11F603DD70070E0F1 /* Tarot_20mini.JPG in Resources */ = {isa = PBXBuildFile; fileRef = DD74F1C71F603DD70070E0F1 /* Tarot_20mini.JPG */; };
		DD74F1F21F603DD70070E0F1 /* Tarot_21mini.JPG in Resources */ = {isa = PBXBuildFile; fileRef = DD74F1C81F603DD70070E0F1 /* Tarot_21mini.JPG */; };
		DD74F1F31F603DD70070E0F1 /* Tarot_21mini.JPG in Resources */ = {isa = PBXBuildFile; fileRef = DD74F1C81F603DD70070E0F1 /* Tarot_21mini.JPG */; };
		DD74F1F41F603DD70070E0F1 /* Tarot_22mini.JPG in Resources */ = {isa = PBXBuildFile; fileRef = DD74F1C91F603DD70070E0F1 /* Tarot_22mini.JPG */; };
		DD74F1F51F603DD70070E0F1 /* Tarot_22mini.JPG in Resources */ = {isa = PBXBuildFile; fileRef = DD74F1C91F603DD70070E0F1 /* Tarot_22mini.JPG */; };
/* End PBXBuildFile section */

/* Begin PBXContainerItemProxy section */
		DD24DB3B1F5EDE5500CBDA5C /* PBXContainerItemProxy */ = {
			isa = PBXContainerItemProxy;
			containerPortal = DD24DB1F1F5EDE5500CBDA5C /* Project object */;
			proxyType = 1;
			remoteGlobalIDString = DD24DB381F5EDE5500CBDA5C;
			remoteInfo = "EasyTarot WatchKit App";
		};
		DD24DB4A1F5EDE5600CBDA5C /* PBXContainerItemProxy */ = {
			isa = PBXContainerItemProxy;
			containerPortal = DD24DB1F1F5EDE5500CBDA5C /* Project object */;
			proxyType = 1;
			remoteGlobalIDString = DD24DB471F5EDE5600CBDA5C;
			remoteInfo = "EasyTarot WatchKit Extension";
		};
/* End PBXContainerItemProxy section */

/* Begin PBXCopyFilesBuildPhase section */
		DD24DB5D1F5EDE5600CBDA5C /* Embed App Extensions */ = {
			isa = PBXCopyFilesBuildPhase;
			buildActionMask = 2147483647;
			dstPath = "";
			dstSubfolderSpec = 13;
			files = (
				DD24DB491F5EDE5600CBDA5C /* EasyTarot WatchKit Extension.appex in Embed App Extensions */,
			);
			name = "Embed App Extensions";
			runOnlyForDeploymentPostprocessing = 0;
		};
		DD24DB611F5EDE5600CBDA5C /* Embed Watch Content */ = {
			isa = PBXCopyFilesBuildPhase;
			buildActionMask = 2147483647;
			dstPath = "$(CONTENTS_FOLDER_PATH)/Watch";
			dstSubfolderSpec = 16;
			files = (
				DD24DB3A1F5EDE5500CBDA5C /* EasyTarot WatchKit App.app in Embed Watch Content */,
			);
			name = "Embed Watch Content";
			runOnlyForDeploymentPostprocessing = 0;
		};
/* End PBXCopyFilesBuildPhase section */

/* Begin PBXFileReference section */
		DD24DB271F5EDE5500CBDA5C /* EasyTarot.app */ = {isa = PBXFileReference; explicitFileType = wrapper.application; includeInIndex = 0; path = EasyTarot.app; sourceTree = BUILT_PRODUCTS_DIR; };
		DD24DB2A1F5EDE5500CBDA5C /* AppDelegate.swift */ = {isa = PBXFileReference; lastKnownFileType = sourcecode.swift; path = AppDelegate.swift; sourceTree = "<group>"; };
		DD24DB2C1F5EDE5500CBDA5C /* ViewController.swift */ = {isa = PBXFileReference; lastKnownFileType = sourcecode.swift; path = ViewController.swift; sourceTree = "<group>"; };
		DD24DB2F1F5EDE5500CBDA5C /* Base */ = {isa = PBXFileReference; lastKnownFileType = file.storyboard; name = Base; path = Base.lproj/Main.storyboard; sourceTree = "<group>"; };
		DD24DB311F5EDE5500CBDA5C /* Assets.xcassets */ = {isa = PBXFileReference; lastKnownFileType = folder.assetcatalog; path = Assets.xcassets; sourceTree = "<group>"; };
		DD24DB341F5EDE5500CBDA5C /* Base */ = {isa = PBXFileReference; lastKnownFileType = file.storyboard; name = Base; path = Base.lproj/LaunchScreen.storyboard; sourceTree = "<group>"; };
		DD24DB361F5EDE5500CBDA5C /* Info.plist */ = {isa = PBXFileReference; lastKnownFileType = text.plist.xml; path = Info.plist; sourceTree = "<group>"; };
		DD24DB391F5EDE5500CBDA5C /* EasyTarot WatchKit App.app */ = {isa = PBXFileReference; explicitFileType = wrapper.application; includeInIndex = 0; path = "EasyTarot WatchKit App.app"; sourceTree = BUILT_PRODUCTS_DIR; };
		DD24DB3F1F5EDE5500CBDA5C /* Base */ = {isa = PBXFileReference; lastKnownFileType = file.storyboard; name = Base; path = Base.lproj/Interface.storyboard; sourceTree = "<group>"; };
		DD24DB411F5EDE5500CBDA5C /* Assets.xcassets */ = {isa = PBXFileReference; lastKnownFileType = folder.assetcatalog; path = Assets.xcassets; sourceTree = "<group>"; };
		DD24DB431F5EDE5500CBDA5C /* Info.plist */ = {isa = PBXFileReference; lastKnownFileType = text.plist.xml; path = Info.plist; sourceTree = "<group>"; };
		DD24DB481F5EDE5600CBDA5C /* EasyTarot WatchKit Extension.appex */ = {isa = PBXFileReference; explicitFileType = "wrapper.app-extension"; includeInIndex = 0; path = "EasyTarot WatchKit Extension.appex"; sourceTree = BUILT_PRODUCTS_DIR; };
		DD24DB4E1F5EDE5600CBDA5C /* PushNotificationPayload.apns */ = {isa = PBXFileReference; lastKnownFileType = text; path = PushNotificationPayload.apns; sourceTree = "<group>"; };
		DD24DB4F1F5EDE5600CBDA5C /* InterfaceController.swift */ = {isa = PBXFileReference; lastKnownFileType = sourcecode.swift; path = InterfaceController.swift; sourceTree = "<group>"; };
		DD24DB511F5EDE5600CBDA5C /* ExtensionDelegate.swift */ = {isa = PBXFileReference; lastKnownFileType = sourcecode.swift; path = ExtensionDelegate.swift; sourceTree = "<group>"; };
		DD24DB531F5EDE5600CBDA5C /* NotificationController.swift */ = {isa = PBXFileReference; lastKnownFileType = sourcecode.swift; path = NotificationController.swift; sourceTree = "<group>"; };
		DD24DB551F5EDE5600CBDA5C /* Assets.xcassets */ = {isa = PBXFileReference; lastKnownFileType = folder.assetcatalog; path = Assets.xcassets; sourceTree = "<group>"; };
		DD24DB571F5EDE5600CBDA5C /* Info.plist */ = {isa = PBXFileReference; lastKnownFileType = text.plist.xml; path = Info.plist; sourceTree = "<group>"; };
		DD24DBF01F5EE8B500CBDA5C /* TarotInterfaceController.swift */ = {isa = PBXFileReference; fileEncoding = 4; lastKnownFileType = sourcecode.swift; path = TarotInterfaceController.swift; sourceTree = "<group>"; };
		DD24DBF21F5EF1FB00CBDA5C /* RWS_Tarot_00_Fool.JPG */ = {isa = PBXFileReference; lastKnownFileType = image.jpeg; name = RWS_Tarot_00_Fool.JPG; path = images/RWS_Tarot_00_Fool.JPG; sourceTree = "<group>"; };
		DD24DBF31F5EF1FB00CBDA5C /* RWS_Tarot_01_Magician.jpg */ = {isa = PBXFileReference; lastKnownFileType = image.jpeg; name = RWS_Tarot_01_Magician.jpg; path = images/RWS_Tarot_01_Magician.jpg; sourceTree = "<group>"; };
		DD24DBF41F5EF1FB00CBDA5C /* RWS_Tarot_02_High_Priestess.JPG */ = {isa = PBXFileReference; lastKnownFileType = image.jpeg; name = RWS_Tarot_02_High_Priestess.JPG; path = images/RWS_Tarot_02_High_Priestess.JPG; sourceTree = "<group>"; };
		DD24DBF51F5EF1FB00CBDA5C /* RWS_Tarot_03_Empress.jpg */ = {isa = PBXFileReference; lastKnownFileType = image.jpeg; name = RWS_Tarot_03_Empress.jpg; path = images/RWS_Tarot_03_Empress.jpg; sourceTree = "<group>"; };
		DD24DBF61F5EF1FB00CBDA5C /* RWS_Tarot_04_Emperor.jpg */ = {isa = PBXFileReference; lastKnownFileType = image.jpeg; name = RWS_Tarot_04_Emperor.jpg; path = images/RWS_Tarot_04_Emperor.jpg; sourceTree = "<group>"; };
		DD24DBF71F5EF1FB00CBDA5C /* RWS_Tarot_05_Hierophant.jpg */ = {isa = PBXFileReference; lastKnownFileType = image.jpeg; name = RWS_Tarot_05_Hierophant.jpg; path = images/RWS_Tarot_05_Hierophant.jpg; sourceTree = "<group>"; };
		DD24DBF81F5EF1FB00CBDA5C /* RWS_Tarot_06_Lovers.jpg */ = {isa = PBXFileReference; lastKnownFileType = image.jpeg; name = RWS_Tarot_06_Lovers.jpg; path = images/RWS_Tarot_06_Lovers.jpg; sourceTree = "<group>"; };
		DD24DBF91F5EF1FB00CBDA5C /* RWS_Tarot_07_Chariot.jpg */ = {isa = PBXFileReference; lastKnownFileType = image.jpeg; name = RWS_Tarot_07_Chariot.jpg; path = images/RWS_Tarot_07_Chariot.jpg; sourceTree = "<group>"; };
		DD24DBFA1F5EF1FB00CBDA5C /* RWS_Tarot_08_Strength.jpg */ = {isa = PBXFileReference; lastKnownFileType = image.jpeg; name = RWS_Tarot_08_Strength.jpg; path = images/RWS_Tarot_08_Strength.jpg; sourceTree = "<group>"; };
		DD24DBFB1F5EF1FB00CBDA5C /* RWS_Tarot_09_Hermit.jpg */ = {isa = PBXFileReference; lastKnownFileType = image.jpeg; name = RWS_Tarot_09_Hermit.jpg; path = images/RWS_Tarot_09_Hermit.jpg; sourceTree = "<group>"; };
		DD24DBFC1F5EF1FB00CBDA5C /* RWS_Tarot_10_Wheel_of_Fortune.jpg */ = {isa = PBXFileReference; lastKnownFileType = image.jpeg; name = RWS_Tarot_10_Wheel_of_Fortune.jpg; path = images/RWS_Tarot_10_Wheel_of_Fortune.jpg; sourceTree = "<group>"; };
		DD24DBFD1F5EF1FB00CBDA5C /* RWS_Tarot_11_Justice.jpg */ = {isa = PBXFileReference; lastKnownFileType = image.jpeg; name = RWS_Tarot_11_Justice.jpg; path = images/RWS_Tarot_11_Justice.jpg; sourceTree = "<group>"; };
		DD24DBFE1F5EF1FB00CBDA5C /* RWS_Tarot_12_Hanged_Man.jpg */ = {isa = PBXFileReference; lastKnownFileType = image.jpeg; name = RWS_Tarot_12_Hanged_Man.jpg; path = images/RWS_Tarot_12_Hanged_Man.jpg; sourceTree = "<group>"; };
		DD24DBFF1F5EF1FB00CBDA5C /* RWS_Tarot_13_Death.jpg */ = {isa = PBXFileReference; lastKnownFileType = image.jpeg; name = RWS_Tarot_13_Death.jpg; path = images/RWS_Tarot_13_Death.jpg; sourceTree = "<group>"; };
		DD24DC001F5EF1FB00CBDA5C /* RWS_Tarot_14_Temperance.jpg */ = {isa = PBXFileReference; lastKnownFileType = image.jpeg; name = RWS_Tarot_14_Temperance.jpg; path = images/RWS_Tarot_14_Temperance.jpg; sourceTree = "<group>"; };
		DD24DC011F5EF1FB00CBDA5C /* RWS_Tarot_15_Devil.jpg */ = {isa = PBXFileReference; lastKnownFileType = image.jpeg; name = RWS_Tarot_15_Devil.jpg; path = images/RWS_Tarot_15_Devil.jpg; sourceTree = "<group>"; };
		DD24DC021F5EF1FB00CBDA5C /* RWS_Tarot_16_Tower.jpg */ = {isa = PBXFileReference; lastKnownFileType = image.jpeg; name = RWS_Tarot_16_Tower.jpg; path = images/RWS_Tarot_16_Tower.jpg; sourceTree = "<group>"; };
		DD24DC031F5EF1FB00CBDA5C /* RWS_Tarot_17_Star.jpg */ = {isa = PBXFileReference; lastKnownFileType = image.jpeg; name = RWS_Tarot_17_Star.jpg; path = images/RWS_Tarot_17_Star.jpg; sourceTree = "<group>"; };
		DD24DC041F5EF1FB00CBDA5C /* RWS_Tarot_18_Moon.jpg */ = {isa = PBXFileReference; lastKnownFileType = image.jpeg; name = RWS_Tarot_18_Moon.jpg; path = images/RWS_Tarot_18_Moon.jpg; sourceTree = "<group>"; };
		DD24DC051F5EF1FB00CBDA5C /* RWS_Tarot_19_Sun.JPG */ = {isa = PBXFileReference; lastKnownFileType = image.jpeg; name = RWS_Tarot_19_Sun.JPG; path = images/RWS_Tarot_19_Sun.JPG; sourceTree = "<group>"; };
		DD24DC061F5EF1FB00CBDA5C /* RWS_Tarot_20_Judgement.jpg */ = {isa = PBXFileReference; lastKnownFileType = image.jpeg; name = RWS_Tarot_20_Judgement.jpg; path = images/RWS_Tarot_20_Judgement.jpg; sourceTree = "<group>"; };
		DD24DC071F5EF1FB00CBDA5C /* RWS_Tarot_21_World.jpg */ = {isa = PBXFileReference; lastKnownFileType = image.jpeg; name = RWS_Tarot_21_World.jpg; path = images/RWS_Tarot_21_World.jpg; sourceTree = "<group>"; };
		DD74F1A91F602CE50070E0F1 /* TarotCars.swift */ = {isa = PBXFileReference; fileEncoding = 4; lastKnownFileType = sourcecode.swift; path = TarotCars.swift; sourceTree = "<group>"; };
		DD74F1AD1F6032240070E0F1 /* TarotRow.swift */ = {isa = PBXFileReference; fileEncoding = 4; lastKnownFileType = sourcecode.swift; name = TarotRow.swift; path = "../EasyTarot WatchKit Extension/TarotRow.swift"; sourceTree = "<group>"; };
		DD74F1B11F6033BC0070E0F1 /* TarotListView.swift */ = {isa = PBXFileReference; fileEncoding = 4; lastKnownFileType = sourcecode.swift; name = TarotListView.swift; path = "../EasyTarot WatchKit Extension/TarotListView.swift"; sourceTree = "<group>"; };
		DD74F1B41F603DD70070E0F1 /* Tarot_01mini.JPG */ = {isa = PBXFileReference; lastKnownFileType = image.jpeg; name = Tarot_01mini.JPG; path = images/Tarot_01mini.JPG; sourceTree = "<group>"; };
		DD74F1B51F603DD70070E0F1 /* Tarot_02mini.JPG */ = {isa = PBXFileReference; lastKnownFileType = image.jpeg; name = Tarot_02mini.JPG; path = images/Tarot_02mini.JPG; sourceTree = "<group>"; };
		DD74F1B61F603DD70070E0F1 /* Tarot_03mini.JPG */ = {isa = PBXFileReference; lastKnownFileType = image.jpeg; name = Tarot_03mini.JPG; path = images/Tarot_03mini.JPG; sourceTree = "<group>"; };
		DD74F1B71F603DD70070E0F1 /* Tarot_04mini.JPG */ = {isa = PBXFileReference; lastKnownFileType = image.jpeg; name = Tarot_04mini.JPG; path = images/Tarot_04mini.JPG; sourceTree = "<group>"; };
		DD74F1B81F603DD70070E0F1 /* Tarot_05mini.JPG */ = {isa = PBXFileReference; lastKnownFileType = image.jpeg; name = Tarot_05mini.JPG; path = images/Tarot_05mini.JPG; sourceTree = "<group>"; };
		DD74F1B91F603DD70070E0F1 /* Tarot_06mini.JPG */ = {isa = PBXFileReference; lastKnownFileType = image.jpeg; name = Tarot_06mini.JPG; path = images/Tarot_06mini.JPG; sourceTree = "<group>"; };
		DD74F1BA1F603DD70070E0F1 /* Tarot_07mini.JPG */ = {isa = PBXFileReference; lastKnownFileType = image.jpeg; name = Tarot_07mini.JPG; path = images/Tarot_07mini.JPG; sourceTree = "<group>"; };
		DD74F1BB1F603DD70070E0F1 /* Tarot_08mini.JPG */ = {isa = PBXFileReference; lastKnownFileType = image.jpeg; name = Tarot_08mini.JPG; path = images/Tarot_08mini.JPG; sourceTree = "<group>"; };
		DD74F1BC1F603DD70070E0F1 /* Tarot_09mini.JPG */ = {isa = PBXFileReference; lastKnownFileType = image.jpeg; name = Tarot_09mini.JPG; path = images/Tarot_09mini.JPG; sourceTree = "<group>"; };
		DD74F1BD1F603DD70070E0F1 /* Tarot_10mini.JPG */ = {isa = PBXFileReference; lastKnownFileType = image.jpeg; name = Tarot_10mini.JPG; path = images/Tarot_10mini.JPG; sourceTree = "<group>"; };
		DD74F1BE1F603DD70070E0F1 /* Tarot_11mini.JPG */ = {isa = PBXFileReference; lastKnownFileType = image.jpeg; name = Tarot_11mini.JPG; path = images/Tarot_11mini.JPG; sourceTree = "<group>"; };
		DD74F1BF1F603DD70070E0F1 /* Tarot_12mini.JPG */ = {isa = PBXFileReference; lastKnownFileType = image.jpeg; name = Tarot_12mini.JPG; path = images/Tarot_12mini.JPG; sourceTree = "<group>"; };
		DD74F1C01F603DD70070E0F1 /* Tarot_13mini.JPG */ = {isa = PBXFileReference; lastKnownFileType = image.jpeg; name = Tarot_13mini.JPG; path = images/Tarot_13mini.JPG; sourceTree = "<group>"; };
		DD74F1C11F603DD70070E0F1 /* Tarot_14mini.JPG */ = {isa = PBXFileReference; lastKnownFileType = image.jpeg; name = Tarot_14mini.JPG; path = images/Tarot_14mini.JPG; sourceTree = "<group>"; };
		DD74F1C21F603DD70070E0F1 /* Tarot_15mini.JPG */ = {isa = PBXFileReference; lastKnownFileType = image.jpeg; name = Tarot_15mini.JPG; path = images/Tarot_15mini.JPG; sourceTree = "<group>"; };
		DD74F1C31F603DD70070E0F1 /* Tarot_16mini.JPG */ = {isa = PBXFileReference; lastKnownFileType = image.jpeg; name = Tarot_16mini.JPG; path = images/Tarot_16mini.JPG; sourceTree = "<group>"; };
		DD74F1C41F603DD70070E0F1 /* Tarot_17mini.JPG */ = {isa = PBXFileReference; lastKnownFileType = image.jpeg; name = Tarot_17mini.JPG; path = images/Tarot_17mini.JPG; sourceTree = "<group>"; };
		DD74F1C51F603DD70070E0F1 /* Tarot_18mini.JPG */ = {isa = PBXFileReference; lastKnownFileType = image.jpeg; name = Tarot_18mini.JPG; path = images/Tarot_18mini.JPG; sourceTree = "<group>"; };
		DD74F1C61F603DD70070E0F1 /* Tarot_19mini.JPG */ = {isa = PBXFileReference; lastKnownFileType = image.jpeg; name = Tarot_19mini.JPG; path = images/Tarot_19mini.JPG; sourceTree = "<group>"; };
		DD74F1C71F603DD70070E0F1 /* Tarot_20mini.JPG */ = {isa = PBXFileReference; lastKnownFileType = image.jpeg; name = Tarot_20mini.JPG; path = images/Tarot_20mini.JPG; sourceTree = "<group>"; };
		DD74F1C81F603DD70070E0F1 /* Tarot_21mini.JPG */ = {isa = PBXFileReference; lastKnownFileType = image.jpeg; name = Tarot_21mini.JPG; path = images/Tarot_21mini.JPG; sourceTree = "<group>"; };
		DD74F1C91F603DD70070E0F1 /* Tarot_22mini.JPG */ = {isa = PBXFileReference; lastKnownFileType = image.jpeg; name = Tarot_22mini.JPG; path = images/Tarot_22mini.JPG; sourceTree = "<group>"; };
/* End PBXFileReference section */

/* Begin PBXFrameworksBuildPhase section */
		DD24DB241F5EDE5500CBDA5C /* Frameworks */ = {
			isa = PBXFrameworksBuildPhase;
			buildActionMask = 2147483647;
			files = (
			);
			runOnlyForDeploymentPostprocessing = 0;
		};
		DD24DB451F5EDE5600CBDA5C /* Frameworks */ = {
			isa = PBXFrameworksBuildPhase;
			buildActionMask = 2147483647;
			files = (
			);
			runOnlyForDeploymentPostprocessing = 0;
		};
/* End PBXFrameworksBuildPhase section */

/* Begin PBXGroup section */
		DD24DB1E1F5EDE5500CBDA5C = {
			isa = PBXGroup;
			children = (
				DD24DB651F5EDF9A00CBDA5C /* images */,
				DD24DB291F5EDE5500CBDA5C /* EasyTarot */,
				DD24DB3D1F5EDE5500CBDA5C /* EasyTarot WatchKit App */,
				DD24DB4C1F5EDE5600CBDA5C /* EasyTarot WatchKit Extension */,
				DD24DB281F5EDE5500CBDA5C /* Products */,
			);
			sourceTree = "<group>";
		};
		DD24DB281F5EDE5500CBDA5C /* Products */ = {
			isa = PBXGroup;
			children = (
				DD24DB271F5EDE5500CBDA5C /* EasyTarot.app */,
				DD24DB391F5EDE5500CBDA5C /* EasyTarot WatchKit App.app */,
				DD24DB481F5EDE5600CBDA5C /* EasyTarot WatchKit Extension.appex */,
			);
			name = Products;
			sourceTree = "<group>";
		};
		DD24DB291F5EDE5500CBDA5C /* EasyTarot */ = {
			isa = PBXGroup;
			children = (
				DD24DB2A1F5EDE5500CBDA5C /* AppDelegate.swift */,
				DD24DB2C1F5EDE5500CBDA5C /* ViewController.swift */,
				DD24DB2E1F5EDE5500CBDA5C /* Main.storyboard */,
				DD24DB311F5EDE5500CBDA5C /* Assets.xcassets */,
				DD24DB331F5EDE5500CBDA5C /* LaunchScreen.storyboard */,
				DD24DB361F5EDE5500CBDA5C /* Info.plist */,
			);
			path = EasyTarot;
			sourceTree = "<group>";
		};
		DD24DB3D1F5EDE5500CBDA5C /* EasyTarot WatchKit App */ = {
			isa = PBXGroup;
			children = (
				DD74F1AD1F6032240070E0F1 /* TarotRow.swift */,
				DD74F1B11F6033BC0070E0F1 /* TarotListView.swift */,
				DD24DB3E1F5EDE5500CBDA5C /* Interface.storyboard */,
				DD24DB411F5EDE5500CBDA5C /* Assets.xcassets */,
				DD24DB431F5EDE5500CBDA5C /* Info.plist */,
			);
			path = "EasyTarot WatchKit App";
			sourceTree = "<group>";
		};
		DD24DB4C1F5EDE5600CBDA5C /* EasyTarot WatchKit Extension */ = {
			isa = PBXGroup;
			children = (
				DD24DB4F1F5EDE5600CBDA5C /* InterfaceController.swift */,
				DD24DB511F5EDE5600CBDA5C /* ExtensionDelegate.swift */,
				DD24DB531F5EDE5600CBDA5C /* NotificationController.swift */,
				DD24DB551F5EDE5600CBDA5C /* Assets.xcassets */,
				DD24DB571F5EDE5600CBDA5C /* Info.plist */,
				DD24DB4D1F5EDE5600CBDA5C /* Supporting Files */,
				DD24DBF01F5EE8B500CBDA5C /* TarotInterfaceController.swift */,
				DD74F1A91F602CE50070E0F1 /* TarotCars.swift */,
			);
			path = "EasyTarot WatchKit Extension";
			sourceTree = "<group>";
		};
		DD24DB4D1F5EDE5600CBDA5C /* Supporting Files */ = {
			isa = PBXGroup;
			children = (
				DD24DB4E1F5EDE5600CBDA5C /* PushNotificationPayload.apns */,
			);
			name = "Supporting Files";
			sourceTree = "<group>";
		};
		DD24DB651F5EDF9A00CBDA5C /* images */ = {
			isa = PBXGroup;
			children = (
				DD74F1B41F603DD70070E0F1 /* Tarot_01mini.JPG */,
				DD74F1B51F603DD70070E0F1 /* Tarot_02mini.JPG */,
				DD74F1B61F603DD70070E0F1 /* Tarot_03mini.JPG */,
				DD74F1B71F603DD70070E0F1 /* Tarot_04mini.JPG */,
				DD74F1B81F603DD70070E0F1 /* Tarot_05mini.JPG */,
				DD74F1B91F603DD70070E0F1 /* Tarot_06mini.JPG */,
				DD74F1BA1F603DD70070E0F1 /* Tarot_07mini.JPG */,
				DD74F1BB1F603DD70070E0F1 /* Tarot_08mini.JPG */,
				DD74F1BC1F603DD70070E0F1 /* Tarot_09mini.JPG */,
				DD74F1BD1F603DD70070E0F1 /* Tarot_10mini.JPG */,
				DD74F1BE1F603DD70070E0F1 /* Tarot_11mini.JPG */,
				DD74F1BF1F603DD70070E0F1 /* Tarot_12mini.JPG */,
				DD74F1C01F603DD70070E0F1 /* Tarot_13mini.JPG */,
				DD74F1C11F603DD70070E0F1 /* Tarot_14mini.JPG */,
				DD74F1C21F603DD70070E0F1 /* Tarot_15mini.JPG */,
				DD74F1C31F603DD70070E0F1 /* Tarot_16mini.JPG */,
				DD74F1C41F603DD70070E0F1 /* Tarot_17mini.JPG */,
				DD74F1C51F603DD70070E0F1 /* Tarot_18mini.JPG */,
				DD74F1C61F603DD70070E0F1 /* Tarot_19mini.JPG */,
				DD74F1C71F603DD70070E0F1 /* Tarot_20mini.JPG */,
				DD74F1C81F603DD70070E0F1 /* Tarot_21mini.JPG */,
				DD74F1C91F603DD70070E0F1 /* Tarot_22mini.JPG */,
				DD24DBF21F5EF1FB00CBDA5C /* RWS_Tarot_00_Fool.JPG */,
				DD24DBF31F5EF1FB00CBDA5C /* RWS_Tarot_01_Magician.jpg */,
				DD24DBF41F5EF1FB00CBDA5C /* RWS_Tarot_02_High_Priestess.JPG */,
				DD24DBF51F5EF1FB00CBDA5C /* RWS_Tarot_03_Empress.jpg */,
				DD24DBF61F5EF1FB00CBDA5C /* RWS_Tarot_04_Emperor.jpg */,
				DD24DBF71F5EF1FB00CBDA5C /* RWS_Tarot_05_Hierophant.jpg */,
				DD24DBF81F5EF1FB00CBDA5C /* RWS_Tarot_06_Lovers.jpg */,
				DD24DBF91F5EF1FB00CBDA5C /* RWS_Tarot_07_Chariot.jpg */,
				DD24DBFA1F5EF1FB00CBDA5C /* RWS_Tarot_08_Strength.jpg */,
				DD24DBFB1F5EF1FB00CBDA5C /* RWS_Tarot_09_Hermit.jpg */,
				DD24DBFC1F5EF1FB00CBDA5C /* RWS_Tarot_10_Wheel_of_Fortune.jpg */,
				DD24DBFD1F5EF1FB00CBDA5C /* RWS_Tarot_11_Justice.jpg */,
				DD24DBFE1F5EF1FB00CBDA5C /* RWS_Tarot_12_Hanged_Man.jpg */,
				DD24DBFF1F5EF1FB00CBDA5C /* RWS_Tarot_13_Death.jpg */,
				DD24DC001F5EF1FB00CBDA5C /* RWS_Tarot_14_Temperance.jpg */,
				DD24DC011F5EF1FB00CBDA5C /* RWS_Tarot_15_Devil.jpg */,
				DD24DC021F5EF1FB00CBDA5C /* RWS_Tarot_16_Tower.jpg */,
				DD24DC031F5EF1FB00CBDA5C /* RWS_Tarot_17_Star.jpg */,
				DD24DC041F5EF1FB00CBDA5C /* RWS_Tarot_18_Moon.jpg */,
				DD24DC051F5EF1FB00CBDA5C /* RWS_Tarot_19_Sun.JPG */,
				DD24DC061F5EF1FB00CBDA5C /* RWS_Tarot_20_Judgement.jpg */,
				DD24DC071F5EF1FB00CBDA5C /* RWS_Tarot_21_World.jpg */,
			);
			name = images;
			sourceTree = "<group>";
		};
/* End PBXGroup section */

/* Begin PBXNativeTarget section */
		DD24DB261F5EDE5500CBDA5C /* EasyTarot */ = {
			isa = PBXNativeTarget;
			buildConfigurationList = DD24DB621F5EDE5600CBDA5C /* Build configuration list for PBXNativeTarget "EasyTarot" */;
			buildPhases = (
				DD24DB231F5EDE5500CBDA5C /* Sources */,
				DD24DB241F5EDE5500CBDA5C /* Frameworks */,
				DD24DB251F5EDE5500CBDA5C /* Resources */,
				DD24DB611F5EDE5600CBDA5C /* Embed Watch Content */,
			);
			buildRules = (
			);
			dependencies = (
				DD24DB3C1F5EDE5500CBDA5C /* PBXTargetDependency */,
			);
			name = EasyTarot;
			productName = EasyTarot;
			productReference = DD24DB271F5EDE5500CBDA5C /* EasyTarot.app */;
			productType = "com.apple.product-type.application";
		};
		DD24DB381F5EDE5500CBDA5C /* EasyTarot WatchKit App */ = {
			isa = PBXNativeTarget;
			buildConfigurationList = DD24DB5E1F5EDE5600CBDA5C /* Build configuration list for PBXNativeTarget "EasyTarot WatchKit App" */;
			buildPhases = (
				DD24DB371F5EDE5500CBDA5C /* Resources */,
				DD24DB5D1F5EDE5600CBDA5C /* Embed App Extensions */,
			);
			buildRules = (
			);
			dependencies = (
				DD24DB4B1F5EDE5600CBDA5C /* PBXTargetDependency */,
			);
			name = "EasyTarot WatchKit App";
			productName = "EasyTarot WatchKit App";
			productReference = DD24DB391F5EDE5500CBDA5C /* EasyTarot WatchKit App.app */;
			productType = "com.apple.product-type.application.watchapp2";
		};
		DD24DB471F5EDE5600CBDA5C /* EasyTarot WatchKit Extension */ = {
			isa = PBXNativeTarget;
			buildConfigurationList = DD24DB5A1F5EDE5600CBDA5C /* Build configuration list for PBXNativeTarget "EasyTarot WatchKit Extension" */;
			buildPhases = (
				DD24DB441F5EDE5600CBDA5C /* Sources */,
				DD24DB451F5EDE5600CBDA5C /* Frameworks */,
				DD24DB461F5EDE5600CBDA5C /* Resources */,
			);
			buildRules = (
			);
			dependencies = (
			);
			name = "EasyTarot WatchKit Extension";
			productName = "EasyTarot WatchKit Extension";
			productReference = DD24DB481F5EDE5600CBDA5C /* EasyTarot WatchKit Extension.appex */;
			productType = "com.apple.product-type.watchkit2-extension";
		};
/* End PBXNativeTarget section */

/* Begin PBXProject section */
		DD24DB1F1F5EDE5500CBDA5C /* Project object */ = {
			isa = PBXProject;
			attributes = {
				LastSwiftUpdateCheck = 0830;
				LastUpgradeCheck = 0830;
				ORGANIZATIONNAME = ProjectJB;
				TargetAttributes = {
					DD24DB261F5EDE5500CBDA5C = {
						CreatedOnToolsVersion = 8.3.3;
						DevelopmentTeam = 9AW5SMH942;
						ProvisioningStyle = Automatic;
					};
					DD24DB381F5EDE5500CBDA5C = {
						CreatedOnToolsVersion = 8.3.3;
						DevelopmentTeam = 9AW5SMH942;
						LastSwiftMigration = 0830;
						ProvisioningStyle = Automatic;
					};
					DD24DB471F5EDE5600CBDA5C = {
						CreatedOnToolsVersion = 8.3.3;
						DevelopmentTeam = 9AW5SMH942;
						ProvisioningStyle = Automatic;
					};
				};
			};
			buildConfigurationList = DD24DB221F5EDE5500CBDA5C /* Build configuration list for PBXProject "EasyTarot" */;
			compatibilityVersion = "Xcode 3.2";
			developmentRegion = English;
			hasScannedForEncodings = 0;
			knownRegions = (
				en,
				Base,
			);
			mainGroup = DD24DB1E1F5EDE5500CBDA5C;
			productRefGroup = DD24DB281F5EDE5500CBDA5C /* Products */;
			projectDirPath = "";
			projectRoot = "";
			targets = (
				DD24DB261F5EDE5500CBDA5C /* EasyTarot */,
				DD24DB381F5EDE5500CBDA5C /* EasyTarot WatchKit App */,
				DD24DB471F5EDE5600CBDA5C /* EasyTarot WatchKit Extension */,
			);
		};
/* End PBXProject section */

/* Begin PBXResourcesBuildPhase section */
		DD24DB251F5EDE5500CBDA5C /* Resources */ = {
			isa = PBXResourcesBuildPhase;
			buildActionMask = 2147483647;
			files = (
				DD24DB351F5EDE5500CBDA5C /* LaunchScreen.storyboard in Resources */,
				DD24DB321F5EDE5500CBDA5C /* Assets.xcassets in Resources */,
				DD24DB301F5EDE5500CBDA5C /* Main.storyboard in Resources */,
			);
			runOnlyForDeploymentPostprocessing = 0;
		};
		DD24DB371F5EDE5500CBDA5C /* Resources */ = {
			isa = PBXResourcesBuildPhase;
			buildActionMask = 2147483647;
			files = (
				DD24DB421F5EDE5500CBDA5C /* Assets.xcassets in Resources */,
				DD74F1DE1F603DD70070E0F1 /* Tarot_11mini.JPG in Resources */,
				DD24DC0A1F5EF1FB00CBDA5C /* RWS_Tarot_01_Magician.jpg in Resources */,
				DD74F1F41F603DD70070E0F1 /* Tarot_22mini.JPG in Resources */,
				DD74F1CA1F603DD70070E0F1 /* Tarot_01mini.JPG in Resources */,
				DD74F1E41F603DD70070E0F1 /* Tarot_14mini.JPG in Resources */,
				DD74F1CC1F603DD70070E0F1 /* Tarot_02mini.JPG in Resources */,
				DD74F1EC1F603DD70070E0F1 /* Tarot_18mini.JPG in Resources */,
				DD24DC261F5EF1FB00CBDA5C /* RWS_Tarot_15_Devil.jpg in Resources */,
				DD24DC281F5EF1FB00CBDA5C /* RWS_Tarot_16_Tower.jpg in Resources */,
				DD24DC2E1F5EF1FB00CBDA5C /* RWS_Tarot_19_Sun.JPG in Resources */,
				DD74F1E61F603DD70070E0F1 /* Tarot_15mini.JPG in Resources */,
				DD24DC221F5EF1FB00CBDA5C /* RWS_Tarot_13_Death.jpg in Resources */,
				DD24DC081F5EF1FB00CBDA5C /* RWS_Tarot_00_Fool.JPG in Resources */,
				DD24DC1A1F5EF1FB00CBDA5C /* RWS_Tarot_09_Hermit.jpg in Resources */,
				DD24DC201F5EF1FB00CBDA5C /* RWS_Tarot_12_Hanged_Man.jpg in Resources */,
				DD74F1D41F603DD70070E0F1 /* Tarot_06mini.JPG in Resources */,
				DD24DC0C1F5EF1FB00CBDA5C /* RWS_Tarot_02_High_Priestess.JPG in Resources */,
				DD24DC2A1F5EF1FB00CBDA5C /* RWS_Tarot_17_Star.jpg in Resources */,
				DD24DC1E1F5EF1FB00CBDA5C /* RWS_Tarot_11_Justice.jpg in Resources */,
				DD24DC181F5EF1FB00CBDA5C /* RWS_Tarot_08_Strength.jpg in Resources */,
				DD74F1EE1F603DD70070E0F1 /* Tarot_19mini.JPG in Resources */,
				DD24DC141F5EF1FB00CBDA5C /* RWS_Tarot_06_Lovers.jpg in Resources */,
				DD74F1E81F603DD70070E0F1 /* Tarot_16mini.JPG in Resources */,
				DD24DC241F5EF1FB00CBDA5C /* RWS_Tarot_14_Temperance.jpg in Resources */,
				DD24DC121F5EF1FB00CBDA5C /* RWS_Tarot_05_Hierophant.jpg in Resources */,
				DD24DC101F5EF1FB00CBDA5C /* RWS_Tarot_04_Emperor.jpg in Resources */,
				DD24DC161F5EF1FB00CBDA5C /* RWS_Tarot_07_Chariot.jpg in Resources */,
				DD74F1F01F603DD70070E0F1 /* Tarot_20mini.JPG in Resources */,
				DD74F1E21F603DD70070E0F1 /* Tarot_13mini.JPG in Resources */,
				DD74F1D21F603DD70070E0F1 /* Tarot_05mini.JPG in Resources */,
				DD74F1CE1F603DD70070E0F1 /* Tarot_03mini.JPG in Resources */,
				DD74F1D61F603DD70070E0F1 /* Tarot_07mini.JPG in Resources */,
				DD24DC1C1F5EF1FB00CBDA5C /* RWS_Tarot_10_Wheel_of_Fortune.jpg in Resources */,
				DD74F1DA1F603DD70070E0F1 /* Tarot_09mini.JPG in Resources */,
				DD24DC321F5EF1FB00CBDA5C /* RWS_Tarot_21_World.jpg in Resources */,
				DD74F1E01F603DD70070E0F1 /* Tarot_12mini.JPG in Resources */,
				DD74F1F21F603DD70070E0F1 /* Tarot_21mini.JPG in Resources */,
				DD24DC0E1F5EF1FB00CBDA5C /* RWS_Tarot_03_Empress.jpg in Resources */,
				DD24DC301F5EF1FB00CBDA5C /* RWS_Tarot_20_Judgement.jpg in Resources */,
				DD74F1D01F603DD70070E0F1 /* Tarot_04mini.JPG in Resources */,
				DD74F1DC1F603DD70070E0F1 /* Tarot_10mini.JPG in Resources */,
				DD74F1D81F603DD70070E0F1 /* Tarot_08mini.JPG in Resources */,
				DD24DC2C1F5EF1FB00CBDA5C /* RWS_Tarot_18_Moon.jpg in Resources */,
				DD74F1EA1F603DD70070E0F1 /* Tarot_17mini.JPG in Resources */,
				DD24DB401F5EDE5500CBDA5C /* Interface.storyboard in Resources */,
			);
			runOnlyForDeploymentPostprocessing = 0;
		};
		DD24DB461F5EDE5600CBDA5C /* Resources */ = {
			isa = PBXResourcesBuildPhase;
			buildActionMask = 2147483647;
			files = (
				DD24DC291F5EF1FB00CBDA5C /* RWS_Tarot_16_Tower.jpg in Resources */,
				DD74F1DF1F603DD70070E0F1 /* Tarot_11mini.JPG in Resources */,
				DD24DC331F5EF1FB00CBDA5C /* RWS_Tarot_21_World.jpg in Resources */,
				DD74F1F51F603DD70070E0F1 /* Tarot_22mini.JPG in Resources */,
				DD74F1CB1F603DD70070E0F1 /* Tarot_01mini.JPG in Resources */,
				DD74F1E51F603DD70070E0F1 /* Tarot_14mini.JPG in Resources */,
				DD74F1CD1F603DD70070E0F1 /* Tarot_02mini.JPG in Resources */,
				DD74F1ED1F603DD70070E0F1 /* Tarot_18mini.JPG in Resources */,
				DD24DC271F5EF1FB00CBDA5C /* RWS_Tarot_15_Devil.jpg in Resources */,
				DD24DC191F5EF1FB00CBDA5C /* RWS_Tarot_08_Strength.jpg in Resources */,
				DD74F1B31F6038100070E0F1 /* Interface.storyboard in Resources */,
				DD74F1E71F603DD70070E0F1 /* Tarot_15mini.JPG in Resources */,
				DD24DC171F5EF1FB00CBDA5C /* RWS_Tarot_07_Chariot.jpg in Resources */,
				DD24DC0D1F5EF1FB00CBDA5C /* RWS_Tarot_02_High_Priestess.JPG in Resources */,
				DD24DC0F1F5EF1FB00CBDA5C /* RWS_Tarot_03_Empress.jpg in Resources */,
				DD24DC1B1F5EF1FB00CBDA5C /* RWS_Tarot_09_Hermit.jpg in Resources */,
				DD74F1D51F603DD70070E0F1 /* Tarot_06mini.JPG in Resources */,
				DD24DC1D1F5EF1FB00CBDA5C /* RWS_Tarot_10_Wheel_of_Fortune.jpg in Resources */,
				DD24DC251F5EF1FB00CBDA5C /* RWS_Tarot_14_Temperance.jpg in Resources */,
				DD24DC311F5EF1FB00CBDA5C /* RWS_Tarot_20_Judgement.jpg in Resources */,
				DD24DC1F1F5EF1FB00CBDA5C /* RWS_Tarot_11_Justice.jpg in Resources */,
				DD74F1EF1F603DD70070E0F1 /* Tarot_19mini.JPG in Resources */,
				DD24DC151F5EF1FB00CBDA5C /* RWS_Tarot_06_Lovers.jpg in Resources */,
				DD74F1E91F603DD70070E0F1 /* Tarot_16mini.JPG in Resources */,
				DD24DC111F5EF1FB00CBDA5C /* RWS_Tarot_04_Emperor.jpg in Resources */,
				DD24DC2F1F5EF1FB00CBDA5C /* RWS_Tarot_19_Sun.JPG in Resources */,
				DD24DC0B1F5EF1FB00CBDA5C /* RWS_Tarot_01_Magician.jpg in Resources */,
				DD24DC211F5EF1FB00CBDA5C /* RWS_Tarot_12_Hanged_Man.jpg in Resources */,
				DD74F1F11F603DD70070E0F1 /* Tarot_20mini.JPG in Resources */,
				DD74F1E31F603DD70070E0F1 /* Tarot_13mini.JPG in Resources */,
				DD74F1D31F603DD70070E0F1 /* Tarot_05mini.JPG in Resources */,
				DD74F1CF1F603DD70070E0F1 /* Tarot_03mini.JPG in Resources */,
				DD74F1D71F603DD70070E0F1 /* Tarot_07mini.JPG in Resources */,
				DD24DB561F5EDE5600CBDA5C /* Assets.xcassets in Resources */,
				DD74F1DB1F603DD70070E0F1 /* Tarot_09mini.JPG in Resources */,
				DD24DC131F5EF1FB00CBDA5C /* RWS_Tarot_05_Hierophant.jpg in Resources */,
				DD74F1E11F603DD70070E0F1 /* Tarot_12mini.JPG in Resources */,
				DD74F1F31F603DD70070E0F1 /* Tarot_21mini.JPG in Resources */,
				DD24DC091F5EF1FB00CBDA5C /* RWS_Tarot_00_Fool.JPG in Resources */,
				DD24DC2D1F5EF1FB00CBDA5C /* RWS_Tarot_18_Moon.jpg in Resources */,
				DD74F1D11F603DD70070E0F1 /* Tarot_04mini.JPG in Resources */,
				DD74F1DD1F603DD70070E0F1 /* Tarot_10mini.JPG in Resources */,
				DD74F1D91F603DD70070E0F1 /* Tarot_08mini.JPG in Resources */,
				DD24DC231F5EF1FB00CBDA5C /* RWS_Tarot_13_Death.jpg in Resources */,
				DD74F1EB1F603DD70070E0F1 /* Tarot_17mini.JPG in Resources */,
				DD24DC2B1F5EF1FB00CBDA5C /* RWS_Tarot_17_Star.jpg in Resources */,
			);
			runOnlyForDeploymentPostprocessing = 0;
		};
/* End PBXResourcesBuildPhase section */

/* Begin PBXSourcesBuildPhase section */
		DD24DB231F5EDE5500CBDA5C /* Sources */ = {
			isa = PBXSourcesBuildPhase;
			buildActionMask = 2147483647;
			files = (
				DD24DB2D1F5EDE5500CBDA5C /* ViewController.swift in Sources */,
				DD24DB2B1F5EDE5500CBDA5C /* AppDelegate.swift in Sources */,
			);
			runOnlyForDeploymentPostprocessing = 0;
		};
		DD24DB441F5EDE5600CBDA5C /* Sources */ = {
			isa = PBXSourcesBuildPhase;
			buildActionMask = 2147483647;
			files = (
				DD24DBF11F5EE8B500CBDA5C /* TarotInterfaceController.swift in Sources */,
				DD74F1B21F6033BC0070E0F1 /* TarotListView.swift in Sources */,
				DD74F1AA1F602CE50070E0F1 /* TarotCars.swift in Sources */,
				DD24DB541F5EDE5600CBDA5C /* NotificationController.swift in Sources */,
				DD24DB521F5EDE5600CBDA5C /* ExtensionDelegate.swift in Sources */,
				DD24DB501F5EDE5600CBDA5C /* InterfaceController.swift in Sources */,
				DD74F1AE1F6032240070E0F1 /* TarotRow.swift in Sources */,
			);
			runOnlyForDeploymentPostprocessing = 0;
		};
/* End PBXSourcesBuildPhase section */

/* Begin PBXTargetDependency section */
		DD24DB3C1F5EDE5500CBDA5C /* PBXTargetDependency */ = {
			isa = PBXTargetDependency;
			target = DD24DB381F5EDE5500CBDA5C /* EasyTarot WatchKit App */;
			targetProxy = DD24DB3B1F5EDE5500CBDA5C /* PBXContainerItemProxy */;
		};
		DD24DB4B1F5EDE5600CBDA5C /* PBXTargetDependency */ = {
			isa = PBXTargetDependency;
			target = DD24DB471F5EDE5600CBDA5C /* EasyTarot WatchKit Extension */;
			targetProxy = DD24DB4A1F5EDE5600CBDA5C /* PBXContainerItemProxy */;
		};
/* End PBXTargetDependency section */

/* Begin PBXVariantGroup section */
		DD24DB2E1F5EDE5500CBDA5C /* Main.storyboard */ = {
			isa = PBXVariantGroup;
			children = (
				DD24DB2F1F5EDE5500CBDA5C /* Base */,
			);
			name = Main.storyboard;
			sourceTree = "<group>";
		};
		DD24DB331F5EDE5500CBDA5C /* LaunchScreen.storyboard */ = {
			isa = PBXVariantGroup;
			children = (
				DD24DB341F5EDE5500CBDA5C /* Base */,
			);
			name = LaunchScreen.storyboard;
			sourceTree = "<group>";
		};
		DD24DB3E1F5EDE5500CBDA5C /* Interface.storyboard */ = {
			isa = PBXVariantGroup;
			children = (
				DD24DB3F1F5EDE5500CBDA5C /* Base */,
			);
			name = Interface.storyboard;
			sourceTree = "<group>";
		};
/* End PBXVariantGroup section */

/* Begin XCBuildConfiguration section */
		DD24DB581F5EDE5600CBDA5C /* Debug */ = {
			isa = XCBuildConfiguration;
			buildSettings = {
				ALWAYS_SEARCH_USER_PATHS = NO;
				CLANG_ANALYZER_NONNULL = YES;
				CLANG_ANALYZER_NUMBER_OBJECT_CONVERSION = YES_AGGRESSIVE;
				CLANG_CXX_LANGUAGE_STANDARD = "gnu++0x";
				CLANG_CXX_LIBRARY = "libc++";
				CLANG_ENABLE_MODULES = YES;
				CLANG_ENABLE_OBJC_ARC = YES;
				CLANG_WARN_BOOL_CONVERSION = YES;
				CLANG_WARN_CONSTANT_CONVERSION = YES;
				CLANG_WARN_DIRECT_OBJC_ISA_USAGE = YES_ERROR;
				CLANG_WARN_DOCUMENTATION_COMMENTS = YES;
				CLANG_WARN_EMPTY_BODY = YES;
				CLANG_WARN_ENUM_CONVERSION = YES;
				CLANG_WARN_INFINITE_RECURSION = YES;
				CLANG_WARN_INT_CONVERSION = YES;
				CLANG_WARN_OBJC_ROOT_CLASS = YES_ERROR;
				CLANG_WARN_SUSPICIOUS_MOVE = YES;
				CLANG_WARN_UNREACHABLE_CODE = YES;
				CLANG_WARN__DUPLICATE_METHOD_MATCH = YES;
				"CODE_SIGN_IDENTITY[sdk=iphoneos*]" = "iPhone Developer";
				COPY_PHASE_STRIP = NO;
				DEBUG_INFORMATION_FORMAT = dwarf;
				ENABLE_STRICT_OBJC_MSGSEND = YES;
				ENABLE_TESTABILITY = YES;
				GCC_C_LANGUAGE_STANDARD = gnu99;
				GCC_DYNAMIC_NO_PIC = NO;
				GCC_NO_COMMON_BLOCKS = YES;
				GCC_OPTIMIZATION_LEVEL = 0;
				GCC_PREPROCESSOR_DEFINITIONS = (
					"DEBUG=1",
					"$(inherited)",
				);
				GCC_WARN_64_TO_32_BIT_CONVERSION = YES;
				GCC_WARN_ABOUT_RETURN_TYPE = YES_ERROR;
				GCC_WARN_UNDECLARED_SELECTOR = YES;
				GCC_WARN_UNINITIALIZED_AUTOS = YES_AGGRESSIVE;
				GCC_WARN_UNUSED_FUNCTION = YES;
				GCC_WARN_UNUSED_VARIABLE = YES;
				IPHONEOS_DEPLOYMENT_TARGET = 10.3;
				MTL_ENABLE_DEBUG_INFO = YES;
				ONLY_ACTIVE_ARCH = YES;
				SDKROOT = iphoneos;
				SWIFT_ACTIVE_COMPILATION_CONDITIONS = DEBUG;
				SWIFT_OPTIMIZATION_LEVEL = "-Onone";
			};
			name = Debug;
		};
		DD24DB591F5EDE5600CBDA5C /* Release */ = {
			isa = XCBuildConfiguration;
			buildSettings = {
				ALWAYS_SEARCH_USER_PATHS = NO;
				CLANG_ANALYZER_NONNULL = YES;
				CLANG_ANALYZER_NUMBER_OBJECT_CONVERSION = YES_AGGRESSIVE;
				CLANG_CXX_LANGUAGE_STANDARD = "gnu++0x";
				CLANG_CXX_LIBRARY = "libc++";
				CLANG_ENABLE_MODULES = YES;
				CLANG_ENABLE_OBJC_ARC = YES;
				CLANG_WARN_BOOL_CONVERSION = YES;
				CLANG_WARN_CONSTANT_CONVERSION = YES;
				CLANG_WARN_DIRECT_OBJC_ISA_USAGE = YES_ERROR;
				CLANG_WARN_DOCUMENTATION_COMMENTS = YES;
				CLANG_WARN_EMPTY_BODY = YES;
				CLANG_WARN_ENUM_CONVERSION = YES;
				CLANG_WARN_INFINITE_RECURSION = YES;
				CLANG_WARN_INT_CONVERSION = YES;
				CLANG_WARN_OBJC_ROOT_CLASS = YES_ERROR;
				CLANG_WARN_SUSPICIOUS_MOVE = YES;
				CLANG_WARN_UNREACHABLE_CODE = YES;
				CLANG_WARN__DUPLICATE_METHOD_MATCH = YES;
				"CODE_SIGN_IDENTITY[sdk=iphoneos*]" = "iPhone Developer";
				COPY_PHASE_STRIP = NO;
				DEBUG_INFORMATION_FORMAT = "dwarf-with-dsym";
				ENABLE_NS_ASSERTIONS = NO;
				ENABLE_STRICT_OBJC_MSGSEND = YES;
				GCC_C_LANGUAGE_STANDARD = gnu99;
				GCC_NO_COMMON_BLOCKS = YES;
				GCC_WARN_64_TO_32_BIT_CONVERSION = YES;
				GCC_WARN_ABOUT_RETURN_TYPE = YES_ERROR;
				GCC_WARN_UNDECLARED_SELECTOR = YES;
				GCC_WARN_UNINITIALIZED_AUTOS = YES_AGGRESSIVE;
				GCC_WARN_UNUSED_FUNCTION = YES;
				GCC_WARN_UNUSED_VARIABLE = YES;
				IPHONEOS_DEPLOYMENT_TARGET = 10.3;
				MTL_ENABLE_DEBUG_INFO = NO;
				SDKROOT = iphoneos;
				SWIFT_OPTIMIZATION_LEVEL = "-Owholemodule";
				VALIDATE_PRODUCT = YES;
			};
			name = Release;
		};
		DD24DB5B1F5EDE5600CBDA5C /* Debug */ = {
			isa = XCBuildConfiguration;
			buildSettings = {
				ASSETCATALOG_COMPILER_COMPLICATION_NAME = Complication;
				DEVELOPMENT_TEAM = 9AW5SMH942;
				INFOPLIST_FILE = "EasyTarot WatchKit Extension/Info.plist";
				LD_RUNPATH_SEARCH_PATHS = "$(inherited) @executable_path/Frameworks @executable_path/../../Frameworks";
				PRODUCT_BUNDLE_IDENTIFIER = PJ.EasyTarot.watchkitapp.watchkitextension;
				PRODUCT_NAME = "${TARGET_NAME}";
				SDKROOT = watchos;
				SKIP_INSTALL = YES;
				SWIFT_VERSION = 3.0;
				TARGETED_DEVICE_FAMILY = 4;
				WATCHOS_DEPLOYMENT_TARGET = 3.2;
			};
			name = Debug;
		};
		DD24DB5C1F5EDE5600CBDA5C /* Release */ = {
			isa = XCBuildConfiguration;
			buildSettings = {
				ASSETCATALOG_COMPILER_COMPLICATION_NAME = Complication;
				DEVELOPMENT_TEAM = 9AW5SMH942;
				INFOPLIST_FILE = "EasyTarot WatchKit Extension/Info.plist";
				LD_RUNPATH_SEARCH_PATHS = "$(inherited) @executable_path/Frameworks @executable_path/../../Frameworks";
				PRODUCT_BUNDLE_IDENTIFIER = PJ.EasyTarot.watchkitapp.watchkitextension;
				PRODUCT_NAME = "${TARGET_NAME}";
				SDKROOT = watchos;
				SKIP_INSTALL = YES;
				SWIFT_VERSION = 3.0;
				TARGETED_DEVICE_FAMILY = 4;
				WATCHOS_DEPLOYMENT_TARGET = 3.2;
			};
			name = Release;
		};
		DD24DB5F1F5EDE5600CBDA5C /* Debug */ = {
			isa = XCBuildConfiguration;
			buildSettings = {
				ALWAYS_EMBED_SWIFT_STANDARD_LIBRARIES = YES;
				ASSETCATALOG_COMPILER_APPICON_NAME = AppIcon;
				CLANG_ENABLE_MODULES = YES;
				DEVELOPMENT_TEAM = 9AW5SMH942;
				IBSC_MODULE = EasyTarot_WatchKit_Extension;
				INFOPLIST_FILE = "EasyTarot WatchKit App/Info.plist";
				LD_RUNPATH_SEARCH_PATHS = "$(inherited) @executable_path/../Frameworks @loader_path/../Frameworks";
				PRODUCT_BUNDLE_IDENTIFIER = PJ.EasyTarot.watchkitapp;
				PRODUCT_NAME = "$(TARGET_NAME)";
				SDKROOT = watchos;
				SKIP_INSTALL = YES;
				SWIFT_OPTIMIZATION_LEVEL = "-Onone";
				SWIFT_VERSION = 3.0;
				TARGETED_DEVICE_FAMILY = 4;
				WATCHOS_DEPLOYMENT_TARGET = 3.2;
			};
			name = Debug;
		};
		DD24DB601F5EDE5600CBDA5C /* Release */ = {
			isa = XCBuildConfiguration;
			buildSettings = {
				ALWAYS_EMBED_SWIFT_STANDARD_LIBRARIES = YES;
				ASSETCATALOG_COMPILER_APPICON_NAME = AppIcon;
				CLANG_ENABLE_MODULES = YES;
				DEVELOPMENT_TEAM = 9AW5SMH942;
				IBSC_MODULE = EasyTarot_WatchKit_Extension;
				INFOPLIST_FILE = "EasyTarot WatchKit App/Info.plist";
				LD_RUNPATH_SEARCH_PATHS = "$(inherited) @executable_path/../Frameworks @loader_path/../Frameworks";
				PRODUCT_BUNDLE_IDENTIFIER = PJ.EasyTarot.watchkitapp;
				PRODUCT_NAME = "$(TARGET_NAME)";
				SDKROOT = watchos;
				SKIP_INSTALL = YES;
				SWIFT_VERSION = 3.0;
				TARGETED_DEVICE_FAMILY = 4;
				WATCHOS_DEPLOYMENT_TARGET = 3.2;
			};
			name = Release;
		};
		DD24DB631F5EDE5600CBDA5C /* Debug */ = {
			isa = XCBuildConfiguration;
			buildSettings = {
				ASSETCATALOG_COMPILER_APPICON_NAME = AppIcon;
				DEVELOPMENT_TEAM = 9AW5SMH942;
				INFOPLIST_FILE = EasyTarot/Info.plist;
				LD_RUNPATH_SEARCH_PATHS = "$(inherited) @executable_path/Frameworks";
				PRODUCT_BUNDLE_IDENTIFIER = PJ.EasyTarot;
				PRODUCT_NAME = "$(TARGET_NAME)";
				SWIFT_VERSION = 3.0;
			};
			name = Debug;
		};
		DD24DB641F5EDE5600CBDA5C /* Release */ = {
			isa = XCBuildConfiguration;
			buildSettings = {
				ASSETCATALOG_COMPILER_APPICON_NAME = AppIcon;
				DEVELOPMENT_TEAM = 9AW5SMH942;
				INFOPLIST_FILE = EasyTarot/Info.plist;
				LD_RUNPATH_SEARCH_PATHS = "$(inherited) @executable_path/Frameworks";
				PRODUCT_BUNDLE_IDENTIFIER = PJ.EasyTarot;
				PRODUCT_NAME = "$(TARGET_NAME)";
				SWIFT_VERSION = 3.0;
			};
			name = Release;
		};
/* End XCBuildConfiguration section */

/* Begin XCConfigurationList section */
		DD24DB221F5EDE5500CBDA5C /* Build configuration list for PBXProject "EasyTarot" */ = {
			isa = XCConfigurationList;
			buildConfigurations = (
				DD24DB581F5EDE5600CBDA5C /* Debug */,
				DD24DB591F5EDE5600CBDA5C /* Release */,
			);
			defaultConfigurationIsVisible = 0;
			defaultConfigurationName = Release;
		};
		DD24DB5A1F5EDE5600CBDA5C /* Build configuration list for PBXNativeTarget "EasyTarot WatchKit Extension" */ = {
			isa = XCConfigurationList;
			buildConfigurations = (
				DD24DB5B1F5EDE5600CBDA5C /* Debug */,
				DD24DB5C1F5EDE5600CBDA5C /* Release */,
			);
			defaultConfigurationIsVisible = 0;
			defaultConfigurationName = Release;
		};
		DD24DB5E1F5EDE5600CBDA5C /* Build configuration list for PBXNativeTarget "EasyTarot WatchKit App" */ = {
			isa = XCConfigurationList;
			buildConfigurations = (
				DD24DB5F1F5EDE5600CBDA5C /* Debug */,
				DD24DB601F5EDE5600CBDA5C /* Release */,
			);
			defaultConfigurationIsVisible = 0;
			defaultConfigurationName = Release;
		};
		DD24DB621F5EDE5600CBDA5C /* Build configuration list for PBXNativeTarget "EasyTarot" */ = {
			isa = XCConfigurationList;
			buildConfigurations = (
				DD24DB631F5EDE5600CBDA5C /* Debug */,
				DD24DB641F5EDE5600CBDA5C /* Release */,
			);
			defaultConfigurationIsVisible = 0;
			defaultConfigurationName = Release;
		};
/* End XCConfigurationList section */
	};
	rootObject = DD24DB1F1F5EDE5500CBDA5C /* Project object */;
}
